
Microsoft Visual Studio Solution File, Format Version 12.00
# Visual Studio Version 17
VisualStudioVersion = 17.1.32228.430
MinimumVisualStudioVersion = 10.0.40219.1
Project("{2150E333-8FDC-42A3-9474-1A3956D46DE8}") = "Aplicacao", "Aplicacao", "{0832267E-B3E1-4478-A307-2E4111EE7A37}"
EndProject
Project("{2150E333-8FDC-42A3-9474-1A3956D46DE8}") = "Core", "Core", "{3C438F80-8BB9-4556-A25E-5232FA38B774}"
EndProject
Project("{2150E333-8FDC-42A3-9474-1A3956D46DE8}") = "api", "api", "{49C4B7C5-E966-454D-A60A-DC94BCA30048}"
EndProject
Project("{2150E333-8FDC-42A3-9474-1A3956D46DE8}") = "grpc", "grpc", "{0490A5BC-2944-4399-8AD7-C48902647DA1}"
EndProject
Project("{2150E333-8FDC-42A3-9474-1A3956D46DE8}") = "worker", "worker", "{B22146F8-9713-4C03-BC7F-0E5D707DF5DE}"
EndProject
Project("{FAE04EC0-301F-11D3-BF4B-00C04F79EFBC}") = "pucminas.futebol.times.api", "src\pucminas.futebol.times.api\pucminas.futebol.times.api.csproj", "{885F5697-AFF4-458E-BDEC-061F33D4A471}"
EndProject
Project("{FAE04EC0-301F-11D3-BF4B-00C04F79EFBC}") = "pucminas.futebol.jogadores.api", "src\pucminas.futebol.jogadores.api\pucminas.futebol.jogadores.api.csproj", "{A0850C03-E872-4CDC-B3BE-06FB2892EB26}"
EndProject
Project("{FAE04EC0-301F-11D3-BF4B-00C04F79EFBC}") = "pucminas.futebol.transferencias.worker", "src\pucminas.futebol.transferencias.worker\pucminas.futebol.transferencias.worker.csproj", "{A7253A01-6135-4DAD-A8D0-73DC092FB5B3}"
EndProject
Project("{FAE04EC0-301F-11D3-BF4B-00C04F79EFBC}") = "pucminas.futebol.core", "src\pucminas.futebol.core\pucminas.futebol.core.csproj", "{09F127C1-8839-474E-84A6-E378211572EE}"
EndProject
Global
	GlobalSection(SolutionConfigurationPlatforms) = preSolution
		Debug|Any CPU = Debug|Any CPU
		Release|Any CPU = Release|Any CPU
	EndGlobalSection
	GlobalSection(ProjectConfigurationPlatforms) = postSolution
		{885F5697-AFF4-458E-BDEC-061F33D4A471}.Debug|Any CPU.ActiveCfg = Debug|Any CPU
		{885F5697-AFF4-458E-BDEC-061F33D4A471}.Debug|Any CPU.Build.0 = Debug|Any CPU
		{885F5697-AFF4-458E-BDEC-061F33D4A471}.Release|Any CPU.ActiveCfg = Release|Any CPU
		{885F5697-AFF4-458E-BDEC-061F33D4A471}.Release|Any CPU.Build.0 = Release|Any CPU
		{A0850C03-E872-4CDC-B3BE-06FB2892EB26}.Debug|Any CPU.ActiveCfg = Debug|Any CPU
		{A0850C03-E872-4CDC-B3BE-06FB2892EB26}.Debug|Any CPU.Build.0 = Debug|Any CPU
		{A0850C03-E872-4CDC-B3BE-06FB2892EB26}.Release|Any CPU.ActiveCfg = Release|Any CPU
		{A0850C03-E872-4CDC-B3BE-06FB2892EB26}.Release|Any CPU.Build.0 = Release|Any CPU
		{A7253A01-6135-4DAD-A8D0-73DC092FB5B3}.Debug|Any CPU.ActiveCfg = Debug|Any CPU
		{A7253A01-6135-4DAD-A8D0-73DC092FB5B3}.Debug|Any CPU.Build.0 = Debug|Any CPU
		{A7253A01-6135-4DAD-A8D0-73DC092FB5B3}.Release|Any CPU.ActiveCfg = Release|Any CPU
		{A7253A01-6135-4DAD-A8D0-73DC092FB5B3}.Release|Any CPU.Build.0 = Release|Any CPU
		{09F127C1-8839-474E-84A6-E378211572EE}.Debug|Any CPU.ActiveCfg = Debug|Any CPU
		{09F127C1-8839-474E-84A6-E378211572EE}.Debug|Any CPU.Build.0 = Debug|Any CPU
		{09F127C1-8839-474E-84A6-E378211572EE}.Release|Any CPU.ActiveCfg = Release|Any CPU
		{09F127C1-8839-474E-84A6-E378211572EE}.Release|Any CPU.Build.0 = Release|Any CPU
	EndGlobalSection
	GlobalSection(SolutionProperties) = preSolution
		HideSolutionNode = FALSE
	EndGlobalSection
	GlobalSection(NestedProjects) = preSolution
		{49C4B7C5-E966-454D-A60A-DC94BCA30048} = {0832267E-B3E1-4478-A307-2E4111EE7A37}
		{0490A5BC-2944-4399-8AD7-C48902647DA1} = {0832267E-B3E1-4478-A307-2E4111EE7A37}
		{B22146F8-9713-4C03-BC7F-0E5D707DF5DE} = {0832267E-B3E1-4478-A307-2E4111EE7A37}
		{885F5697-AFF4-458E-BDEC-061F33D4A471} = {49C4B7C5-E966-454D-A60A-DC94BCA30048}
		{A0850C03-E872-4CDC-B3BE-06FB2892EB26} = {49C4B7C5-E966-454D-A60A-DC94BCA30048}
		{A7253A01-6135-4DAD-A8D0-73DC092FB5B3} = {B22146F8-9713-4C03-BC7F-0E5D707DF5DE}
		{09F127C1-8839-474E-84A6-E378211572EE} = {3C438F80-8BB9-4556-A25E-5232FA38B774}
	EndGlobalSection
	GlobalSection(ExtensibilityGlobals) = postSolution
		SolutionGuid = {7166FF05-63D4-4FCB-BA0B-E01191C37C61}
	EndGlobalSection
EndGlobal
