
Microsoft Visual Studio Solution File, Format Version 12.00
# Visual Studio Version 17
VisualStudioVersion = 17.1.32319.34
MinimumVisualStudioVersion = 10.0.40219.1
Project("{FAE04EC0-301F-11D3-BF4B-00C04F79EFBC}") = "pucminas.futebol.core", "src\pucminas.futebol.core\pucminas.futebol.core.csproj", "{5F2F1270-EB31-429E-8A79-0FDDA691C822}"
EndProject
Global
	GlobalSection(SolutionConfigurationPlatforms) = preSolution
		Debug|Any CPU = Debug|Any CPU
		Release|Any CPU = Release|Any CPU
	EndGlobalSection
	GlobalSection(ProjectConfigurationPlatforms) = postSolution
		{5F2F1270-EB31-429E-8A79-0FDDA691C822}.Debug|Any CPU.ActiveCfg = Debug|Any CPU
		{5F2F1270-EB31-429E-8A79-0FDDA691C822}.Debug|Any CPU.Build.0 = Debug|Any CPU
		{5F2F1270-EB31-429E-8A79-0FDDA691C822}.Release|Any CPU.ActiveCfg = Release|Any CPU
		{5F2F1270-EB31-429E-8A79-0FDDA691C822}.Release|Any CPU.Build.0 = Release|Any CPU
	EndGlobalSection
	GlobalSection(SolutionProperties) = preSolution
		HideSolutionNode = FALSE
	EndGlobalSection
	GlobalSection(ExtensibilityGlobals) = postSolution
		SolutionGuid = {4D255652-A465-4F77-83B1-3C698A5E686D}
	EndGlobalSection
EndGlobal
